{
  "name": "deryck2000.jp.eu.org",
  "lockfileVersion": 3,
  "requires": true,
  "packages": {
    "": {
      "dependencies": {
        "xp.css": "^0.2.6"
      },
      "devDependencies": {
        "images-folder-optimizer": "^0.0.37"
      }
    },
    "node_modules/images-folder-optimizer": {
      "version": "0.0.37",
      "resolved": "https://registry.npmjs.org/images-folder-optimizer/-/images-folder-optimizer-0.0.37.tgz",
      "integrity": "sha512-QFxF+t6ocno3iVpSO2dlihtqJlNuTyaN8AGXVCaqFqcQdPWp9cxrOx5I+oxDwcSxcgenU2vEvt12kUnh4G0FAg==",
      "dev": true,
      "license": "ISC"
    },
    "node_modules/xp.css": {
      "version": "0.2.6",
      "resolved": "https://registry.npmjs.org/xp.css/-/xp.css-0.2.6.tgz",
      "integrity": "sha512-v0qUB4wOvyXIMLNid5bIpm+0n5aL4i8wE5dqJH8LNVxE04PxUUxjwf2rNzengegUIK03XC4vbfLVCPAfMLtuqA=="
    }
  }
}
